
Microsoft Visual Studio Solution File, Format Version 12.00
# Visual Studio Version 17
VisualStudioVersion = 17.11.35208.52
MinimumVisualStudioVersion = 10.0.40219.1
Project("{FAE04EC0-301F-11D3-BF4B-00C04F79EFBC}") = "ESalazar_ExamenProgreso1", "ESalazar_ExamenProgreso1\ESalazar_ExamenProgreso1.csproj", "{1F5C3203-4E32-461F-A18F-7B675EACBE07}"
EndProject
Global
	GlobalSection(SolutionConfigurationPlatforms) = preSolution
		Debug|Any CPU = Debug|Any CPU
		Release|Any CPU = Release|Any CPU
	EndGlobalSection
	GlobalSection(ProjectConfigurationPlatforms) = postSolution
		{1F5C3203-4E32-461F-A18F-7B675EACBE07}.Debug|Any CPU.ActiveCfg = Debug|Any CPU
		{1F5C3203-4E32-461F-A18F-7B675EACBE07}.Debug|Any CPU.Build.0 = Debug|Any CPU
		{1F5C3203-4E32-461F-A18F-7B675EACBE07}.Release|Any CPU.ActiveCfg = Release|Any CPU
		{1F5C3203-4E32-461F-A18F-7B675EACBE07}.Release|Any CPU.Build.0 = Release|Any CPU
	EndGlobalSection
	GlobalSection(SolutionProperties) = preSolution
		HideSolutionNode = FALSE
	EndGlobalSection
	GlobalSection(ExtensibilityGlobals) = postSolution
		SolutionGuid = {A666BDA7-187F-44F4-95E1-A2F1CA10AB81}
	EndGlobalSection
EndGlobal
